
Microsoft Visual Studio Solution File, Format Version 12.00
# Visual Studio 15
VisualStudioVersion = 15.0.27004.2006
MinimumVisualStudioVersion = 10.0.40219.1
Project("{9A19103F-16F7-4668-BE54-9A1E7A4F7556}") = "NaxexUDemo", "NaxexUDemo\NaxexUDemo.csproj", "{0644E301-4384-4C2C-A54F-C843B26D81E2}"
EndProject
Project("{FAE04EC0-301F-11D3-BF4B-00C04F79EFBC}") = "Test", "Test\Test.csproj", "{A9581F5D-9B3A-4BD0-A192-BE14FBDFAFAE}"
EndProject
Global
	GlobalSection(SolutionConfigurationPlatforms) = preSolution
		Debug|Any CPU = Debug|Any CPU
		Release|Any CPU = Release|Any CPU
	EndGlobalSection
	GlobalSection(ProjectConfigurationPlatforms) = postSolution
		{0644E301-4384-4C2C-A54F-C843B26D81E2}.Debug|Any CPU.ActiveCfg = Debug|Any CPU
		{0644E301-4384-4C2C-A54F-C843B26D81E2}.Debug|Any CPU.Build.0 = Debug|Any CPU
		{0644E301-4384-4C2C-A54F-C843B26D81E2}.Release|Any CPU.ActiveCfg = Release|Any CPU
		{0644E301-4384-4C2C-A54F-C843B26D81E2}.Release|Any CPU.Build.0 = Release|Any CPU
		{A9581F5D-9B3A-4BD0-A192-BE14FBDFAFAE}.Debug|Any CPU.ActiveCfg = Debug|Any CPU
		{A9581F5D-9B3A-4BD0-A192-BE14FBDFAFAE}.Debug|Any CPU.Build.0 = Debug|Any CPU
		{A9581F5D-9B3A-4BD0-A192-BE14FBDFAFAE}.Release|Any CPU.ActiveCfg = Release|Any CPU
		{A9581F5D-9B3A-4BD0-A192-BE14FBDFAFAE}.Release|Any CPU.Build.0 = Release|Any CPU
	EndGlobalSection
	GlobalSection(SolutionProperties) = preSolution
		HideSolutionNode = FALSE
	EndGlobalSection
	GlobalSection(ExtensibilityGlobals) = postSolution
		SolutionGuid = {F71B73A4-5AE7-431A-B77A-76F0C81FB3AC}
	EndGlobalSection
EndGlobal
